
Microsoft Visual Studio Solution File, Format Version 12.00
# Visual Studio Version 17
VisualStudioVersion = 17.5.002.0
MinimumVisualStudioVersion = 10.0.40219.1
Project("{9A19103F-16F7-4668-BE54-9A1E7A4F7556}") = "AdventOfCode-2024", "AdventOfCode-2024\AdventOfCode-2024.csproj", "{EC673506-A177-4EE5-B4AC-AE5CFFDFB4BA}"
EndProject
Global
	GlobalSection(SolutionConfigurationPlatforms) = preSolution
		Debug|Any CPU = Debug|Any CPU
		Release|Any CPU = Release|Any CPU
	EndGlobalSection
	GlobalSection(ProjectConfigurationPlatforms) = postSolution
		{EC673506-A177-4EE5-B4AC-AE5CFFDFB4BA}.Debug|Any CPU.ActiveCfg = Debug|Any CPU
		{EC673506-A177-4EE5-B4AC-AE5CFFDFB4BA}.Debug|Any CPU.Build.0 = Debug|Any CPU
		{EC673506-A177-4EE5-B4AC-AE5CFFDFB4BA}.Release|Any CPU.ActiveCfg = Release|Any CPU
		{EC673506-A177-4EE5-B4AC-AE5CFFDFB4BA}.Release|Any CPU.Build.0 = Release|Any CPU
	EndGlobalSection
	GlobalSection(SolutionProperties) = preSolution
		HideSolutionNode = FALSE
	EndGlobalSection
	GlobalSection(ExtensibilityGlobals) = postSolution
		SolutionGuid = {022780F8-E27F-4F0E-B4C7-C0B5443A491D}
	EndGlobalSection
EndGlobal
